
Microsoft Visual Studio Solution File, Format Version 12.00
# Visual Studio Version 16
VisualStudioVersion = 16.0.29519.87
MinimumVisualStudioVersion = 10.0.40219.1
Project("{FAE04EC0-301F-11D3-BF4B-00C04F79EFBC}") = "Flutterweb", "Flutterweb\Flutterweb.csproj", "{82A2EC16-A28E-4708-92BD-E9E32D610254}"
EndProject
Global
	GlobalSection(SolutionConfigurationPlatforms) = preSolution
		Debug|Any CPU = Debug|Any CPU
		Release|Any CPU = Release|Any CPU
	EndGlobalSection
	GlobalSection(ProjectConfigurationPlatforms) = postSolution
		{82A2EC16-A28E-4708-92BD-E9E32D610254}.Debug|Any CPU.ActiveCfg = Debug|Any CPU
		{82A2EC16-A28E-4708-92BD-E9E32D610254}.Debug|Any CPU.Build.0 = Debug|Any CPU
		{82A2EC16-A28E-4708-92BD-E9E32D610254}.Release|Any CPU.ActiveCfg = Release|Any CPU
		{82A2EC16-A28E-4708-92BD-E9E32D610254}.Release|Any CPU.Build.0 = Release|Any CPU
	EndGlobalSection
	GlobalSection(SolutionProperties) = preSolution
		HideSolutionNode = FALSE
	EndGlobalSection
	GlobalSection(ExtensibilityGlobals) = postSolution
		SolutionGuid = {25C482AF-E9E3-49D0-8CBA-B247065ABA7B}
	EndGlobalSection
EndGlobal
